// !$*UTF8*$!
{
	archiveVersion = 1;
	classes = {
	};
	objectVersion = 56;
	objects = {

/* Begin PBXBuildFile section */
		801E3C6B2A9C657B0049CC7E /* Pomowatch Watch App.app in Embed Watch Content */ = {isa = PBXBuildFile; fileRef = 801E3C6A2A9C657B0049CC7E /* Pomowatch Watch App.app */; settings = {ATTRIBUTES = (RemoveHeadersOnCopy, ); }; };
		801E3C702A9C657B0049CC7E /* PomowatchApp.swift in Sources */ = {isa = PBXBuildFile; fileRef = 801E3C6F2A9C657B0049CC7E /* PomowatchApp.swift */; };
		801E3C722A9C657B0049CC7E /* ContentView.swift in Sources */ = {isa = PBXBuildFile; fileRef = 801E3C712A9C657B0049CC7E /* ContentView.swift */; };
		801E3C742A9C657C0049CC7E /* Assets.xcassets in Resources */ = {isa = PBXBuildFile; fileRef = 801E3C732A9C657C0049CC7E /* Assets.xcassets */; };
		801E3C772A9C657C0049CC7E /* Preview Assets.xcassets in Resources */ = {isa = PBXBuildFile; fileRef = 801E3C762A9C657C0049CC7E /* Preview Assets.xcassets */; };
		801E3C812A9C657C0049CC7E /* Pomowatch_Watch_AppTests.swift in Sources */ = {isa = PBXBuildFile; fileRef = 801E3C802A9C657C0049CC7E /* Pomowatch_Watch_AppTests.swift */; };
		801E3C8B2A9C657C0049CC7E /* Pomowatch_Watch_AppUITests.swift in Sources */ = {isa = PBXBuildFile; fileRef = 801E3C8A2A9C657C0049CC7E /* Pomowatch_Watch_AppUITests.swift */; };
		801E3C8D2A9C657C0049CC7E /* Pomowatch_Watch_AppUITestsLaunchTests.swift in Sources */ = {isa = PBXBuildFile; fileRef = 801E3C8C2A9C657C0049CC7E /* Pomowatch_Watch_AppUITestsLaunchTests.swift */; };
		804F54F92E1209FE00B14773 /* Times.swift in Sources */ = {isa = PBXBuildFile; fileRef = 804F54F72E1209FE00B14773 /* Times.swift */; };
		804F54FA2E1209FE00B14773 /* Status.swift in Sources */ = {isa = PBXBuildFile; fileRef = 804F54F62E1209FE00B14773 /* Status.swift */; };
		804F54FD2E120A0900B14773 /* Color+Extensions.swift in Sources */ = {isa = PBXBuildFile; fileRef = 804F54FB2E120A0900B14773 /* Color+Extensions.swift */; };
		804F55012E120A1700B14773 /* ProgressRing.swift in Sources */ = {isa = PBXBuildFile; fileRef = 804F54FE2E120A1700B14773 /* ProgressRing.swift */; };
		804F55022E120A1700B14773 /* SettingCard.swift in Sources */ = {isa = PBXBuildFile; fileRef = 804F54FF2E120A1700B14773 /* SettingCard.swift */; };
		804F55052E120A2500B14773 /* SettingsView.swift in Sources */ = {isa = PBXBuildFile; fileRef = 804F55032E120A2500B14773 /* SettingsView.swift */; };
/* End PBXBuildFile section */

/* Begin PBXContainerItemProxy section */
		801E3C6C2A9C657B0049CC7E /* PBXContainerItemProxy */ = {
			isa = PBXContainerItemProxy;
			containerPortal = 801E3C5E2A9C657B0049CC7E /* Project object */;
			proxyType = 1;
			remoteGlobalIDString = 801E3C692A9C657B0049CC7E;
			remoteInfo = "Pomowatch Watch App";
		};
		801E3C7D2A9C657C0049CC7E /* PBXContainerItemProxy */ = {
			isa = PBXContainerItemProxy;
			containerPortal = 801E3C5E2A9C657B0049CC7E /* Project object */;
			proxyType = 1;
			remoteGlobalIDString = 801E3C692A9C657B0049CC7E;
			remoteInfo = "Pomowatch Watch App";
		};
		801E3C872A9C657C0049CC7E /* PBXContainerItemProxy */ = {
			isa = PBXContainerItemProxy;
			containerPortal = 801E3C5E2A9C657B0049CC7E /* Project object */;
			proxyType = 1;
			remoteGlobalIDString = 801E3C692A9C657B0049CC7E;
			remoteInfo = "Pomowatch Watch App";
		};
/* End PBXContainerItemProxy section */

/* Begin PBXCopyFilesBuildPhase section */
		801E3C932A9C657C0049CC7E /* Embed Watch Content */ = {
			isa = PBXCopyFilesBuildPhase;
			buildActionMask = 2147483647;
			dstPath = "$(CONTENTS_FOLDER_PATH)/Watch";
			dstSubfolderSpec = 16;
			files = (
				801E3C6B2A9C657B0049CC7E /* Pomowatch Watch App.app in Embed Watch Content */,
			);
			name = "Embed Watch Content";
			runOnlyForDeploymentPostprocessing = 0;
		};
/* End PBXCopyFilesBuildPhase section */

/* Begin PBXFileReference section */
		801E3C642A9C657B0049CC7E /* Pomowatch.app */ = {isa = PBXFileReference; explicitFileType = wrapper.application; includeInIndex = 0; path = Pomowatch.app; sourceTree = BUILT_PRODUCTS_DIR; };
		801E3C6A2A9C657B0049CC7E /* Pomowatch Watch App.app */ = {isa = PBXFileReference; explicitFileType = wrapper.application; includeInIndex = 0; path = "Pomowatch Watch App.app"; sourceTree = BUILT_PRODUCTS_DIR; };
		801E3C6F2A9C657B0049CC7E /* PomowatchApp.swift */ = {isa = PBXFileReference; lastKnownFileType = sourcecode.swift; path = PomowatchApp.swift; sourceTree = "<group>"; };
		801E3C712A9C657B0049CC7E /* ContentView.swift */ = {isa = PBXFileReference; lastKnownFileType = sourcecode.swift; path = ContentView.swift; sourceTree = "<group>"; };
		801E3C732A9C657C0049CC7E /* Assets.xcassets */ = {isa = PBXFileReference; lastKnownFileType = folder.assetcatalog; path = Assets.xcassets; sourceTree = "<group>"; };
		801E3C762A9C657C0049CC7E /* Preview Assets.xcassets */ = {isa = PBXFileReference; lastKnownFileType = folder.assetcatalog; path = "Preview Assets.xcassets"; sourceTree = "<group>"; };
		801E3C7C2A9C657C0049CC7E /* Pomowatch Watch AppTests.xctest */ = {isa = PBXFileReference; explicitFileType = wrapper.cfbundle; includeInIndex = 0; path = "Pomowatch Watch AppTests.xctest"; sourceTree = BUILT_PRODUCTS_DIR; };
		801E3C802A9C657C0049CC7E /* Pomowatch_Watch_AppTests.swift */ = {isa = PBXFileReference; lastKnownFileType = sourcecode.swift; path = Pomowatch_Watch_AppTests.swift; sourceTree = "<group>"; };
		801E3C862A9C657C0049CC7E /* Pomowatch Watch AppUITests.xctest */ = {isa = PBXFileReference; explicitFileType = wrapper.cfbundle; includeInIndex = 0; path = "Pomowatch Watch AppUITests.xctest"; sourceTree = BUILT_PRODUCTS_DIR; };
		801E3C8A2A9C657C0049CC7E /* Pomowatch_Watch_AppUITests.swift */ = {isa = PBXFileReference; lastKnownFileType = sourcecode.swift; path = Pomowatch_Watch_AppUITests.swift; sourceTree = "<group>"; };
		801E3C8C2A9C657C0049CC7E /* Pomowatch_Watch_AppUITestsLaunchTests.swift */ = {isa = PBXFileReference; lastKnownFileType = sourcecode.swift; path = Pomowatch_Watch_AppUITestsLaunchTests.swift; sourceTree = "<group>"; };
		804F54F62E1209FE00B14773 /* Status.swift */ = {isa = PBXFileReference; lastKnownFileType = sourcecode.swift; path = Status.swift; sourceTree = "<group>"; };
		804F54F72E1209FE00B14773 /* Times.swift */ = {isa = PBXFileReference; lastKnownFileType = sourcecode.swift; path = Times.swift; sourceTree = "<group>"; };
		804F54FB2E120A0900B14773 /* Color+Extensions.swift */ = {isa = PBXFileReference; lastKnownFileType = sourcecode.swift; path = "Color+Extensions.swift"; sourceTree = "<group>"; };
		804F54FE2E120A1700B14773 /* ProgressRing.swift */ = {isa = PBXFileReference; lastKnownFileType = sourcecode.swift; path = ProgressRing.swift; sourceTree = "<group>"; };
		804F54FF2E120A1700B14773 /* SettingCard.swift */ = {isa = PBXFileReference; lastKnownFileType = sourcecode.swift; path = SettingCard.swift; sourceTree = "<group>"; };
		804F55032E120A2500B14773 /* SettingsView.swift */ = {isa = PBXFileReference; lastKnownFileType = sourcecode.swift; path = SettingsView.swift; sourceTree = "<group>"; };
/* End PBXFileReference section */

/* Begin PBXFrameworksBuildPhase section */
		801E3C672A9C657B0049CC7E /* Frameworks */ = {
			isa = PBXFrameworksBuildPhase;
			buildActionMask = 2147483647;
			files = (
			);
			runOnlyForDeploymentPostprocessing = 0;
		};
		801E3C792A9C657C0049CC7E /* Frameworks */ = {
			isa = PBXFrameworksBuildPhase;
			buildActionMask = 2147483647;
			files = (
			);
			runOnlyForDeploymentPostprocessing = 0;
		};
		801E3C832A9C657C0049CC7E /* Frameworks */ = {
			isa = PBXFrameworksBuildPhase;
			buildActionMask = 2147483647;
			files = (
			);
			runOnlyForDeploymentPostprocessing = 0;
		};
/* End PBXFrameworksBuildPhase section */

/* Begin PBXGroup section */
		801E3C5D2A9C657B0049CC7E = {
			isa = PBXGroup;
			children = (
				801E3C6E2A9C657B0049CC7E /* Pomowatch Watch App */,
				801E3C7F2A9C657C0049CC7E /* Pomowatch Watch AppTests */,
				801E3C892A9C657C0049CC7E /* Pomowatch Watch AppUITests */,
				801E3C652A9C657B0049CC7E /* Products */,
			);
			sourceTree = "<group>";
		};
		801E3C652A9C657B0049CC7E /* Products */ = {
			isa = PBXGroup;
			children = (
				801E3C642A9C657B0049CC7E /* Pomowatch.app */,
				801E3C6A2A9C657B0049CC7E /* Pomowatch Watch App.app */,
				801E3C7C2A9C657C0049CC7E /* Pomowatch Watch AppTests.xctest */,
				801E3C862A9C657C0049CC7E /* Pomowatch Watch AppUITests.xctest */,
			);
			name = Products;
			sourceTree = "<group>";
		};
		801E3C6E2A9C657B0049CC7E /* Pomowatch Watch App */ = {
			isa = PBXGroup;
			children = (
				804F55042E120A2500B14773 /* Views */,
				804F55002E120A1700B14773 /* Components */,
				804F54FC2E120A0900B14773 /* Extensions */,
				804F54F82E1209FE00B14773 /* Models */,
				801E3C6F2A9C657B0049CC7E /* PomowatchApp.swift */,
				801E3C712A9C657B0049CC7E /* ContentView.swift */,
				801E3C732A9C657C0049CC7E /* Assets.xcassets */,
				801E3C752A9C657C0049CC7E /* Preview Content */,
			);
			path = "Pomowatch Watch App";
			sourceTree = "<group>";
		};
		801E3C752A9C657C0049CC7E /* Preview Content */ = {
			isa = PBXGroup;
			children = (
				801E3C762A9C657C0049CC7E /* Preview Assets.xcassets */,
			);
			path = "Preview Content";
			sourceTree = "<group>";
		};
		801E3C7F2A9C657C0049CC7E /* Pomowatch Watch AppTests */ = {
			isa = PBXGroup;
			children = (
				801E3C802A9C657C0049CC7E /* Pomowatch_Watch_AppTests.swift */,
			);
			path = "Pomowatch Watch AppTests";
			sourceTree = "<group>";
		};
		801E3C892A9C657C0049CC7E /* Pomowatch Watch AppUITests */ = {
			isa = PBXGroup;
			children = (
				801E3C8A2A9C657C0049CC7E /* Pomowatch_Watch_AppUITests.swift */,
				801E3C8C2A9C657C0049CC7E /* Pomowatch_Watch_AppUITestsLaunchTests.swift */,
			);
			path = "Pomowatch Watch AppUITests";
			sourceTree = "<group>";
		};
		804F54F82E1209FE00B14773 /* Models */ = {
			isa = PBXGroup;
			children = (
				804F54F62E1209FE00B14773 /* Status.swift */,
				804F54F72E1209FE00B14773 /* Times.swift */,
			);
			path = Models;
			sourceTree = "<group>";
		};
		804F54FC2E120A0900B14773 /* Extensions */ = {
			isa = PBXGroup;
			children = (
				804F54FB2E120A0900B14773 /* Color+Extensions.swift */,
			);
			path = Extensions;
			sourceTree = "<group>";
		};
		804F55002E120A1700B14773 /* Components */ = {
			isa = PBXGroup;
			children = (
				804F54FE2E120A1700B14773 /* ProgressRing.swift */,
				804F54FF2E120A1700B14773 /* SettingCard.swift */,
			);
			path = Components;
			sourceTree = "<group>";
		};
		804F55042E120A2500B14773 /* Views */ = {
			isa = PBXGroup;
			children = (
				804F55032E120A2500B14773 /* SettingsView.swift */,
			);
			path = Views;
			sourceTree = "<group>";
		};
/* End PBXGroup section */

/* Begin PBXNativeTarget section */
		801E3C632A9C657B0049CC7E /* Pomowatch */ = {
			isa = PBXNativeTarget;
			buildConfigurationList = 801E3C942A9C657C0049CC7E /* Build configuration list for PBXNativeTarget "Pomowatch" */;
			buildPhases = (
				801E3C622A9C657B0049CC7E /* Resources */,
				801E3C932A9C657C0049CC7E /* Embed Watch Content */,
			);
			buildRules = (
			);
			dependencies = (
				801E3C6D2A9C657B0049CC7E /* PBXTargetDependency */,
			);
			name = Pomowatch;
			productName = Pomowatch;
			productReference = 801E3C642A9C657B0049CC7E /* Pomowatch.app */;
			productType = "com.apple.product-type.application.watchapp2-container";
		};
		801E3C692A9C657B0049CC7E /* Pomowatch Watch App */ = {
			isa = PBXNativeTarget;
			buildConfigurationList = 801E3C902A9C657C0049CC7E /* Build configuration list for PBXNativeTarget "Pomowatch Watch App" */;
			buildPhases = (
				801E3C662A9C657B0049CC7E /* Sources */,
				801E3C672A9C657B0049CC7E /* Frameworks */,
				801E3C682A9C657B0049CC7E /* Resources */,
			);
			buildRules = (
			);
			dependencies = (
			);
			name = "Pomowatch Watch App";
			productName = "Pomowatch Watch App";
			productReference = 801E3C6A2A9C657B0049CC7E /* Pomowatch Watch App.app */;
			productType = "com.apple.product-type.application";
		};
		801E3C7B2A9C657C0049CC7E /* Pomowatch Watch AppTests */ = {
			isa = PBXNativeTarget;
			buildConfigurationList = 801E3C972A9C657C0049CC7E /* Build configuration list for PBXNativeTarget "Pomowatch Watch AppTests" */;
			buildPhases = (
				801E3C782A9C657C0049CC7E /* Sources */,
				801E3C792A9C657C0049CC7E /* Frameworks */,
				801E3C7A2A9C657C0049CC7E /* Resources */,
			);
			buildRules = (
			);
			dependencies = (
				801E3C7E2A9C657C0049CC7E /* PBXTargetDependency */,
			);
			name = "Pomowatch Watch AppTests";
			productName = "Pomowatch Watch AppTests";
			productReference = 801E3C7C2A9C657C0049CC7E /* Pomowatch Watch AppTests.xctest */;
			productType = "com.apple.product-type.bundle.unit-test";
		};
		801E3C852A9C657C0049CC7E /* Pomowatch Watch AppUITests */ = {
			isa = PBXNativeTarget;
			buildConfigurationList = 801E3C9A2A9C657C0049CC7E /* Build configuration list for PBXNativeTarget "Pomowatch Watch AppUITests" */;
			buildPhases = (
				801E3C822A9C657C0049CC7E /* Sources */,
				801E3C832A9C657C0049CC7E /* Frameworks */,
				801E3C842A9C657C0049CC7E /* Resources */,
			);
			buildRules = (
			);
			dependencies = (
				801E3C882A9C657C0049CC7E /* PBXTargetDependency */,
			);
			name = "Pomowatch Watch AppUITests";
			productName = "Pomowatch Watch AppUITests";
			productReference = 801E3C862A9C657C0049CC7E /* Pomowatch Watch AppUITests.xctest */;
			productType = "com.apple.product-type.bundle.ui-testing";
		};
/* End PBXNativeTarget section */

/* Begin PBXProject section */
		801E3C5E2A9C657B0049CC7E /* Project object */ = {
			isa = PBXProject;
			attributes = {
				BuildIndependentTargetsInParallel = 1;
				LastSwiftUpdateCheck = 1430;
				LastUpgradeCheck = 1430;
				TargetAttributes = {
					801E3C632A9C657B0049CC7E = {
						CreatedOnToolsVersion = 14.3.1;
					};
					801E3C692A9C657B0049CC7E = {
						CreatedOnToolsVersion = 14.3.1;
					};
					801E3C7B2A9C657C0049CC7E = {
						CreatedOnToolsVersion = 14.3.1;
						TestTargetID = 801E3C692A9C657B0049CC7E;
					};
					801E3C852A9C657C0049CC7E = {
						CreatedOnToolsVersion = 14.3.1;
						TestTargetID = 801E3C692A9C657B0049CC7E;
					};
				};
			};
			buildConfigurationList = 801E3C612A9C657B0049CC7E /* Build configuration list for PBXProject "Pomowatch" */;
			compatibilityVersion = "Xcode 14.0";
			developmentRegion = en;
			hasScannedForEncodings = 0;
			knownRegions = (
				en,
				Base,
			);
			mainGroup = 801E3C5D2A9C657B0049CC7E;
			productRefGroup = 801E3C652A9C657B0049CC7E /* Products */;
			projectDirPath = "";
			projectRoot = "";
			targets = (
				801E3C632A9C657B0049CC7E /* Pomowatch */,
				801E3C692A9C657B0049CC7E /* Pomowatch Watch App */,
				801E3C7B2A9C657C0049CC7E /* Pomowatch Watch AppTests */,
				801E3C852A9C657C0049CC7E /* Pomowatch Watch AppUITests */,
			);
		};
/* End PBXProject section */

/* Begin PBXResourcesBuildPhase section */
		801E3C622A9C657B0049CC7E /* Resources */ = {
			isa = PBXResourcesBuildPhase;
			buildActionMask = 2147483647;
			files = (
			);
			runOnlyForDeploymentPostprocessing = 0;
		};
		801E3C682A9C657B0049CC7E /* Resources */ = {
			isa = PBXResourcesBuildPhase;
			buildActionMask = 2147483647;
			files = (
				801E3C772A9C657C0049CC7E /* Preview Assets.xcassets in Resources */,
				801E3C742A9C657C0049CC7E /* Assets.xcassets in Resources */,
			);
			runOnlyForDeploymentPostprocessing = 0;
		};
		801E3C7A2A9C657C0049CC7E /* Resources */ = {
			isa = PBXResourcesBuildPhase;
			buildActionMask = 2147483647;
			files = (
			);
			runOnlyForDeploymentPostprocessing = 0;
		};
		801E3C842A9C657C0049CC7E /* Resources */ = {
			isa = PBXResourcesBuildPhase;
			buildActionMask = 2147483647;
			files = (
			);
			runOnlyForDeploymentPostprocessing = 0;
		};
/* End PBXResourcesBuildPhase section */

/* Begin PBXSourcesBuildPhase section */
		801E3C662A9C657B0049CC7E /* Sources */ = {
			isa = PBXSourcesBuildPhase;
			buildActionMask = 2147483647;
			files = (
				804F54FD2E120A0900B14773 /* Color+Extensions.swift in Sources */,
				804F55052E120A2500B14773 /* SettingsView.swift in Sources */,
				801E3C722A9C657B0049CC7E /* ContentView.swift in Sources */,
				804F55012E120A1700B14773 /* ProgressRing.swift in Sources */,
				804F55022E120A1700B14773 /* SettingCard.swift in Sources */,
				804F54F92E1209FE00B14773 /* Times.swift in Sources */,
				804F54FA2E1209FE00B14773 /* Status.swift in Sources */,
				801E3C702A9C657B0049CC7E /* PomowatchApp.swift in Sources */,
			);
			runOnlyForDeploymentPostprocessing = 0;
		};
		801E3C782A9C657C0049CC7E /* Sources */ = {
			isa = PBXSourcesBuildPhase;
			buildActionMask = 2147483647;
			files = (
				801E3C812A9C657C0049CC7E /* Pomowatch_Watch_AppTests.swift in Sources */,
			);
			runOnlyForDeploymentPostprocessing = 0;
		};
		801E3C822A9C657C0049CC7E /* Sources */ = {
			isa = PBXSourcesBuildPhase;
			buildActionMask = 2147483647;
			files = (
				801E3C8B2A9C657C0049CC7E /* Pomowatch_Watch_AppUITests.swift in Sources */,
				801E3C8D2A9C657C0049CC7E /* Pomowatch_Watch_AppUITestsLaunchTests.swift in Sources */,
			);
			runOnlyForDeploymentPostprocessing = 0;
		};
/* End PBXSourcesBuildPhase section */

/* Begin PBXTargetDependency section */
		801E3C6D2A9C657B0049CC7E /* PBXTargetDependency */ = {
			isa = PBXTargetDependency;
			target = 801E3C692A9C657B0049CC7E /* Pomowatch Watch App */;
			targetProxy = 801E3C6C2A9C657B0049CC7E /* PBXContainerItemProxy */;
		};
		801E3C7E2A9C657C0049CC7E /* PBXTargetDependency */ = {
			isa = PBXTargetDependency;
			target = 801E3C692A9C657B0049CC7E /* Pomowatch Watch App */;
			targetProxy = 801E3C7D2A9C657C0049CC7E /* PBXContainerItemProxy */;
		};
		801E3C882A9C657C0049CC7E /* PBXTargetDependency */ = {
			isa = PBXTargetDependency;
			target = 801E3C692A9C657B0049CC7E /* Pomowatch Watch App */;
			targetProxy = 801E3C872A9C657C0049CC7E /* PBXContainerItemProxy */;
		};
/* End PBXTargetDependency section */

/* Begin XCBuildConfiguration section */
		801E3C8E2A9C657C0049CC7E /* Debug */ = {
			isa = XCBuildConfiguration;
			buildSettings = {
				ALWAYS_SEARCH_USER_PATHS = NO;
				CLANG_ANALYZER_NONNULL = YES;
				CLANG_ANALYZER_NUMBER_OBJECT_CONVERSION = YES_AGGRESSIVE;
				CLANG_CXX_LANGUAGE_STANDARD = "gnu++20";
				CLANG_ENABLE_MODULES = YES;
				CLANG_ENABLE_OBJC_ARC = YES;
				CLANG_ENABLE_OBJC_WEAK = YES;
				CLANG_WARN_BLOCK_CAPTURE_AUTORELEASING = YES;
				CLANG_WARN_BOOL_CONVERSION = YES;
				CLANG_WARN_COMMA = YES;
				CLANG_WARN_CONSTANT_CONVERSION = YES;
				CLANG_WARN_DEPRECATED_OBJC_IMPLEMENTATIONS = YES;
				CLANG_WARN_DIRECT_OBJC_ISA_USAGE = YES_ERROR;
				CLANG_WARN_DOCUMENTATION_COMMENTS = YES;
				CLANG_WARN_EMPTY_BODY = YES;
				CLANG_WARN_ENUM_CONVERSION = YES;
				CLANG_WARN_INFINITE_RECURSION = YES;
				CLANG_WARN_INT_CONVERSION = YES;
				CLANG_WARN_NON_LITERAL_NULL_CONVERSION = YES;
				CLANG_WARN_OBJC_IMPLICIT_RETAIN_SELF = YES;
				CLANG_WARN_OBJC_LITERAL_CONVERSION = YES;
				CLANG_WARN_OBJC_ROOT_CLASS = YES_ERROR;
				CLANG_WARN_QUOTED_INCLUDE_IN_FRAMEWORK_HEADER = YES;
				CLANG_WARN_RANGE_LOOP_ANALYSIS = YES;
				CLANG_WARN_STRICT_PROTOTYPES = YES;
				CLANG_WARN_SUSPICIOUS_MOVE = YES;
				CLANG_WARN_UNGUARDED_AVAILABILITY = YES_AGGRESSIVE;
				CLANG_WARN_UNREACHABLE_CODE = YES;
				CLANG_WARN__DUPLICATE_METHOD_MATCH = YES;
				COPY_PHASE_STRIP = NO;
				DEBUG_INFORMATION_FORMAT = dwarf;
				ENABLE_STRICT_OBJC_MSGSEND = YES;
				ENABLE_TESTABILITY = YES;
				GCC_C_LANGUAGE_STANDARD = gnu11;
				GCC_DYNAMIC_NO_PIC = NO;
				GCC_NO_COMMON_BLOCKS = YES;
				GCC_OPTIMIZATION_LEVEL = 0;
				GCC_PREPROCESSOR_DEFINITIONS = (
					"DEBUG=1",
					"$(inherited)",
				);
				GCC_WARN_64_TO_32_BIT_CONVERSION = YES;
				GCC_WARN_ABOUT_RETURN_TYPE = YES_ERROR;
				GCC_WARN_UNDECLARED_SELECTOR = YES;
				GCC_WARN_UNINITIALIZED_AUTOS = YES_AGGRESSIVE;
				GCC_WARN_UNUSED_FUNCTION = YES;
				GCC_WARN_UNUSED_VARIABLE = YES;
				MTL_ENABLE_DEBUG_INFO = INCLUDE_SOURCE;
				MTL_FAST_MATH = YES;
				ONLY_ACTIVE_ARCH = YES;
				SWIFT_ACTIVE_COMPILATION_CONDITIONS = DEBUG;
				SWIFT_OPTIMIZATION_LEVEL = "-Onone";
			};
			name = Debug;
		};
		801E3C8F2A9C657C0049CC7E /* Release */ = {
			isa = XCBuildConfiguration;
			buildSettings = {
				ALWAYS_SEARCH_USER_PATHS = NO;
				CLANG_ANALYZER_NONNULL = YES;
				CLANG_ANALYZER_NUMBER_OBJECT_CONVERSION = YES_AGGRESSIVE;
				CLANG_CXX_LANGUAGE_STANDARD = "gnu++20";
				CLANG_ENABLE_MODULES = YES;
				CLANG_ENABLE_OBJC_ARC = YES;
				CLANG_ENABLE_OBJC_WEAK = YES;
				CLANG_WARN_BLOCK_CAPTURE_AUTORELEASING = YES;
				CLANG_WARN_BOOL_CONVERSION = YES;
				CLANG_WARN_COMMA = YES;
				CLANG_WARN_CONSTANT_CONVERSION = YES;
				CLANG_WARN_DEPRECATED_OBJC_IMPLEMENTATIONS = YES;
				CLANG_WARN_DIRECT_OBJC_ISA_USAGE = YES_ERROR;
				CLANG_WARN_DOCUMENTATION_COMMENTS = YES;
				CLANG_WARN_EMPTY_BODY = YES;
				CLANG_WARN_ENUM_CONVERSION = YES;
				CLANG_WARN_INFINITE_RECURSION = YES;
				CLANG_WARN_INT_CONVERSION = YES;
				CLANG_WARN_NON_LITERAL_NULL_CONVERSION = YES;
				CLANG_WARN_OBJC_IMPLICIT_RETAIN_SELF = YES;
				CLANG_WARN_OBJC_LITERAL_CONVERSION = YES;
				CLANG_WARN_OBJC_ROOT_CLASS = YES_ERROR;
				CLANG_WARN_QUOTED_INCLUDE_IN_FRAMEWORK_HEADER = YES;
				CLANG_WARN_RANGE_LOOP_ANALYSIS = YES;
				CLANG_WARN_STRICT_PROTOTYPES = YES;
				CLANG_WARN_SUSPICIOUS_MOVE = YES;
				CLANG_WARN_UNGUARDED_AVAILABILITY = YES_AGGRESSIVE;
				CLANG_WARN_UNREACHABLE_CODE = YES;
				CLANG_WARN__DUPLICATE_METHOD_MATCH = YES;
				COPY_PHASE_STRIP = NO;
				DEBUG_INFORMATION_FORMAT = "dwarf-with-dsym";
				ENABLE_NS_ASSERTIONS = NO;
				ENABLE_STRICT_OBJC_MSGSEND = YES;
				GCC_C_LANGUAGE_STANDARD = gnu11;
				GCC_NO_COMMON_BLOCKS = YES;
				GCC_WARN_64_TO_32_BIT_CONVERSION = YES;
				GCC_WARN_ABOUT_RETURN_TYPE = YES_ERROR;
				GCC_WARN_UNDECLARED_SELECTOR = YES;
				GCC_WARN_UNINITIALIZED_AUTOS = YES_AGGRESSIVE;
				GCC_WARN_UNUSED_FUNCTION = YES;
				GCC_WARN_UNUSED_VARIABLE = YES;
				MTL_ENABLE_DEBUG_INFO = NO;
				MTL_FAST_MATH = YES;
				SWIFT_COMPILATION_MODE = wholemodule;
				SWIFT_OPTIMIZATION_LEVEL = "-O";
			};
			name = Release;
		};
		801E3C912A9C657C0049CC7E /* Debug */ = {
			isa = XCBuildConfiguration;
			buildSettings = {
				ASSETCATALOG_COMPILER_APPICON_NAME = AppIcon;
				ASSETCATALOG_COMPILER_GLOBAL_ACCENT_COLOR_NAME = AccentColor;
				CODE_SIGN_STYLE = Automatic;
				CURRENT_PROJECT_VERSION = 1;
				DEVELOPMENT_ASSET_PATHS = "\"Pomowatch Watch App/Preview Content\"";
				ENABLE_PREVIEWS = YES;
				GENERATE_INFOPLIST_FILE = YES;
				INFOPLIST_KEY_CFBundleDisplayName = Pomowatch;
				INFOPLIST_KEY_UISupportedInterfaceOrientations = "UIInterfaceOrientationPortrait UIInterfaceOrientationPortraitUpsideDown";
				INFOPLIST_KEY_WKWatchOnly = YES;
				LD_RUNPATH_SEARCH_PATHS = (
					"$(inherited)",
					"@executable_path/Frameworks",
				);
				MARKETING_VERSION = 1.0;
				PRODUCT_BUNDLE_IDENTIFIER = lemonpopsicle.Pomowatch.watchkitapp;
				PRODUCT_NAME = "$(TARGET_NAME)";
				SDKROOT = watchos;
				SKIP_INSTALL = YES;
				SWIFT_EMIT_LOC_STRINGS = YES;
				SWIFT_VERSION = 5.0;
				TARGETED_DEVICE_FAMILY = 4;
				WATCHOS_DEPLOYMENT_TARGET = 9.6;
			};
			name = Debug;
		};
		801E3C922A9C657C0049CC7E /* Release */ = {
			isa = XCBuildConfiguration;
			buildSettings = {
				ASSETCATALOG_COMPILER_APPICON_NAME = AppIcon;
				ASSETCATALOG_COMPILER_GLOBAL_ACCENT_COLOR_NAME = AccentColor;
				CODE_SIGN_STYLE = Automatic;
				CURRENT_PROJECT_VERSION = 1;
				DEVELOPMENT_ASSET_PATHS = "\"Pomowatch Watch App/Preview Content\"";
				ENABLE_PREVIEWS = YES;
				GENERATE_INFOPLIST_FILE = YES;
				INFOPLIST_KEY_CFBundleDisplayName = Pomowatch;
				INFOPLIST_KEY_UISupportedInterfaceOrientations = "UIInterfaceOrientationPortrait UIInterfaceOrientationPortraitUpsideDown";
				INFOPLIST_KEY_WKWatchOnly = YES;
				LD_RUNPATH_SEARCH_PATHS = (
					"$(inherited)",
					"@executable_path/Frameworks",
				);
				MARKETING_VERSION = 1.0;
				PRODUCT_BUNDLE_IDENTIFIER = lemonpopsicle.Pomowatch.watchkitapp;
				PRODUCT_NAME = "$(TARGET_NAME)";
				SDKROOT = watchos;
				SKIP_INSTALL = YES;
				SWIFT_EMIT_LOC_STRINGS = YES;
				SWIFT_VERSION = 5.0;
				TARGETED_DEVICE_FAMILY = 4;
				VALIDATE_PRODUCT = YES;
				WATCHOS_DEPLOYMENT_TARGET = 9.6;
			};
			name = Release;
		};
		801E3C952A9C657C0049CC7E /* Debug */ = {
			isa = XCBuildConfiguration;
			buildSettings = {
				ALWAYS_EMBED_SWIFT_STANDARD_LIBRARIES = YES;
				CODE_SIGN_STYLE = Automatic;
				CURRENT_PROJECT_VERSION = 1;
				DEVELOPMENT_TEAM = A2BWF3QM88;
				INFOPLIST_KEY_CFBundleDisplayName = Pomowatch;
				IPHONEOS_DEPLOYMENT_TARGET = 15.6;
				MARKETING_VERSION = 1.0;
				PRODUCT_BUNDLE_IDENTIFIER = lemonpopsicle.Pomowatch;
				PRODUCT_NAME = "$(TARGET_NAME)";
				SDKROOT = iphoneos;
				SWIFT_VERSION = 5.0;
			};
			name = Debug;
		};
		801E3C962A9C657C0049CC7E /* Release */ = {
			isa = XCBuildConfiguration;
			buildSettings = {
				ALWAYS_EMBED_SWIFT_STANDARD_LIBRARIES = YES;
				CODE_SIGN_STYLE = Automatic;
				CURRENT_PROJECT_VERSION = 1;
				DEVELOPMENT_TEAM = A2BWF3QM88;
				INFOPLIST_KEY_CFBundleDisplayName = Pomowatch;
				IPHONEOS_DEPLOYMENT_TARGET = 15.6;
				MARKETING_VERSION = 1.0;
				PRODUCT_BUNDLE_IDENTIFIER = lemonpopsicle.Pomowatch;
				PRODUCT_NAME = "$(TARGET_NAME)";
				SDKROOT = iphoneos;
				SWIFT_VERSION = 5.0;
				VALIDATE_PRODUCT = YES;
			};
			name = Release;
		};
		801E3C982A9C657C0049CC7E /* Debug */ = {
			isa = XCBuildConfiguration;
			buildSettings = {
				ALWAYS_EMBED_SWIFT_STANDARD_LIBRARIES = YES;
				BUNDLE_LOADER = "$(TEST_HOST)";
				CODE_SIGN_STYLE = Automatic;
				CURRENT_PROJECT_VERSION = 1;
				GENERATE_INFOPLIST_FILE = YES;
				MARKETING_VERSION = 1.0;
				PRODUCT_BUNDLE_IDENTIFIER = "lemonpopsicle.Pomowatch-Watch-AppTests";
				PRODUCT_NAME = "$(TARGET_NAME)";
				SDKROOT = watchos;
				SWIFT_EMIT_LOC_STRINGS = NO;
				SWIFT_VERSION = 5.0;
				TARGETED_DEVICE_FAMILY = 4;
				TEST_HOST = "$(BUILT_PRODUCTS_DIR)/Pomowatch Watch App.app/$(BUNDLE_EXECUTABLE_FOLDER_PATH)/Pomowatch Watch App";
				WATCHOS_DEPLOYMENT_TARGET = 9.6;
			};
			name = Debug;
		};
		801E3C992A9C657C0049CC7E /* Release */ = {
			isa = XCBuildConfiguration;
			buildSettings = {
				ALWAYS_EMBED_SWIFT_STANDARD_LIBRARIES = YES;
				BUNDLE_LOADER = "$(TEST_HOST)";
				CODE_SIGN_STYLE = Automatic;
				CURRENT_PROJECT_VERSION = 1;
				GENERATE_INFOPLIST_FILE = YES;
				MARKETING_VERSION = 1.0;
				PRODUCT_BUNDLE_IDENTIFIER = "lemonpopsicle.Pomowatch-Watch-AppTests";
				PRODUCT_NAME = "$(TARGET_NAME)";
				SDKROOT = watchos;
				SWIFT_EMIT_LOC_STRINGS = NO;
				SWIFT_VERSION = 5.0;
				TARGETED_DEVICE_FAMILY = 4;
				TEST_HOST = "$(BUILT_PRODUCTS_DIR)/Pomowatch Watch App.app/$(BUNDLE_EXECUTABLE_FOLDER_PATH)/Pomowatch Watch App";
				VALIDATE_PRODUCT = YES;
				WATCHOS_DEPLOYMENT_TARGET = 9.6;
			};
			name = Release;
		};
		801E3C9B2A9C657C0049CC7E /* Debug */ = {
			isa = XCBuildConfiguration;
			buildSettings = {
				ALWAYS_EMBED_SWIFT_STANDARD_LIBRARIES = YES;
				CODE_SIGN_STYLE = Automatic;
				CURRENT_PROJECT_VERSION = 1;
				GENERATE_INFOPLIST_FILE = YES;
				MARKETING_VERSION = 1.0;
				PRODUCT_BUNDLE_IDENTIFIER = "lemonpopsicle.Pomowatch-Watch-AppUITests";
				PRODUCT_NAME = "$(TARGET_NAME)";
				SDKROOT = watchos;
				SWIFT_EMIT_LOC_STRINGS = NO;
				SWIFT_VERSION = 5.0;
				TARGETED_DEVICE_FAMILY = 4;
				TEST_TARGET_NAME = "Pomowatch Watch App";
				WATCHOS_DEPLOYMENT_TARGET = 9.6;
			};
			name = Debug;
		};
		801E3C9C2A9C657C0049CC7E /* Release */ = {
			isa = XCBuildConfiguration;
			buildSettings = {
				ALWAYS_EMBED_SWIFT_STANDARD_LIBRARIES = YES;
				CODE_SIGN_STYLE = Automatic;
				CURRENT_PROJECT_VERSION = 1;
				GENERATE_INFOPLIST_FILE = YES;
				MARKETING_VERSION = 1.0;
				PRODUCT_BUNDLE_IDENTIFIER = "lemonpopsicle.Pomowatch-Watch-AppUITests";
				PRODUCT_NAME = "$(TARGET_NAME)";
				SDKROOT = watchos;
				SWIFT_EMIT_LOC_STRINGS = NO;
				SWIFT_VERSION = 5.0;
				TARGETED_DEVICE_FAMILY = 4;
				TEST_TARGET_NAME = "Pomowatch Watch App";
				VALIDATE_PRODUCT = YES;
				WATCHOS_DEPLOYMENT_TARGET = 9.6;
			};
			name = Release;
		};
/* End XCBuildConfiguration section */

/* Begin XCConfigurationList section */
		801E3C612A9C657B0049CC7E /* Build configuration list for PBXProject "Pomowatch" */ = {
			isa = XCConfigurationList;
			buildConfigurations = (
				801E3C8E2A9C657C0049CC7E /* Debug */,
				801E3C8F2A9C657C0049CC7E /* Release */,
			);
			defaultConfigurationIsVisible = 0;
			defaultConfigurationName = Release;
		};
		801E3C902A9C657C0049CC7E /* Build configuration list for PBXNativeTarget "Pomowatch Watch App" */ = {
			isa = XCConfigurationList;
			buildConfigurations = (
				801E3C912A9C657C0049CC7E /* Debug */,
				801E3C922A9C657C0049CC7E /* Release */,
			);
			defaultConfigurationIsVisible = 0;
			defaultConfigurationName = Release;
		};
		801E3C942A9C657C0049CC7E /* Build configuration list for PBXNativeTarget "Pomowatch" */ = {
			isa = XCConfigurationList;
			buildConfigurations = (
				801E3C952A9C657C0049CC7E /* Debug */,
				801E3C962A9C657C0049CC7E /* Release */,
			);
			defaultConfigurationIsVisible = 0;
			defaultConfigurationName = Release;
		};
		801E3C972A9C657C0049CC7E /* Build configuration list for PBXNativeTarget "Pomowatch Watch AppTests" */ = {
			isa = XCConfigurationList;
			buildConfigurations = (
				801E3C982A9C657C0049CC7E /* Debug */,
				801E3C992A9C657C0049CC7E /* Release */,
			);
			defaultConfigurationIsVisible = 0;
			defaultConfigurationName = Release;
		};
		801E3C9A2A9C657C0049CC7E /* Build configuration list for PBXNativeTarget "Pomowatch Watch AppUITests" */ = {
			isa = XCConfigurationList;
			buildConfigurations = (
				801E3C9B2A9C657C0049CC7E /* Debug */,
				801E3C9C2A9C657C0049CC7E /* Release */,
			);
			defaultConfigurationIsVisible = 0;
			defaultConfigurationName = Release;
		};
/* End XCConfigurationList section */
	};
	rootObject = 801E3C5E2A9C657B0049CC7E /* Project object */;
}
